
Microsoft Visual Studio Solution File, Format Version 12.00
# Visual Studio Version 17
VisualStudioVersion = 17.10.35013.160
MinimumVisualStudioVersion = 10.0.40219.1
Project("{8BC9CEB8-8B4A-11D0-8D11-00A0C91BC942}") = "MultiModuleLib", "MultiModuleLib\MultiModuleLib.vcxproj", "{F5310D72-A2F7-4BF7-AE57-D716AC3253B8}"
EndProject
Project("{8BC9CEB8-8B4A-11D0-8D11-00A0C91BC942}") = "MultiModuleLoader", "MultiModuleLoader\MultiModuleLoader.vcxproj", "{CE6A6CD1-E8C4-49E3-9AC7-6AE57ABFDC98}"
EndProject
Project("{FAE04EC0-301F-11D3-BF4B-00C04F79EFBC}") = "Phoenix.ModuleLoader", "Phoenix.ModuleLoader\Phoenix.ModuleLoader.csproj", "{2CF66D00-E621-40FD-8394-68BF48B877E5}"
EndProject
Global
	GlobalSection(SolutionConfigurationPlatforms) = preSolution
		Debug|Any CPU = Debug|Any CPU
		Debug|x64 = Debug|x64
		Debug|x86 = Debug|x86
		Release|Any CPU = Release|Any CPU
		Release|x64 = Release|x64
		Release|x86 = Release|x86
	EndGlobalSection
	GlobalSection(ProjectConfigurationPlatforms) = postSolution
		{F5310D72-A2F7-4BF7-AE57-D716AC3253B8}.Debug|Any CPU.ActiveCfg = Debug|x64
		{F5310D72-A2F7-4BF7-AE57-D716AC3253B8}.Debug|Any CPU.Build.0 = Debug|x64
		{F5310D72-A2F7-4BF7-AE57-D716AC3253B8}.Debug|x64.ActiveCfg = Debug|x64
		{F5310D72-A2F7-4BF7-AE57-D716AC3253B8}.Debug|x64.Build.0 = Debug|x64
		{F5310D72-A2F7-4BF7-AE57-D716AC3253B8}.Debug|x86.ActiveCfg = Debug|Win32
		{F5310D72-A2F7-4BF7-AE57-D716AC3253B8}.Debug|x86.Build.0 = Debug|Win32
		{F5310D72-A2F7-4BF7-AE57-D716AC3253B8}.Release|Any CPU.ActiveCfg = Release|x64
		{F5310D72-A2F7-4BF7-AE57-D716AC3253B8}.Release|Any CPU.Build.0 = Release|x64
		{F5310D72-A2F7-4BF7-AE57-D716AC3253B8}.Release|x64.ActiveCfg = Release|x64
		{F5310D72-A2F7-4BF7-AE57-D716AC3253B8}.Release|x64.Build.0 = Release|x64
		{F5310D72-A2F7-4BF7-AE57-D716AC3253B8}.Release|x86.ActiveCfg = Release|Win32
		{F5310D72-A2F7-4BF7-AE57-D716AC3253B8}.Release|x86.Build.0 = Release|Win32
		{CE6A6CD1-E8C4-49E3-9AC7-6AE57ABFDC98}.Debug|Any CPU.ActiveCfg = Debug|x64
		{CE6A6CD1-E8C4-49E3-9AC7-6AE57ABFDC98}.Debug|Any CPU.Build.0 = Debug|x64
		{CE6A6CD1-E8C4-49E3-9AC7-6AE57ABFDC98}.Debug|x64.ActiveCfg = Debug|x64
		{CE6A6CD1-E8C4-49E3-9AC7-6AE57ABFDC98}.Debug|x64.Build.0 = Debug|x64
		{CE6A6CD1-E8C4-49E3-9AC7-6AE57ABFDC98}.Debug|x86.ActiveCfg = Debug|Win32
		{CE6A6CD1-E8C4-49E3-9AC7-6AE57ABFDC98}.Debug|x86.Build.0 = Debug|Win32
		{CE6A6CD1-E8C4-49E3-9AC7-6AE57ABFDC98}.Release|Any CPU.ActiveCfg = Release|x64
		{CE6A6CD1-E8C4-49E3-9AC7-6AE57ABFDC98}.Release|Any CPU.Build.0 = Release|x64
		{CE6A6CD1-E8C4-49E3-9AC7-6AE57ABFDC98}.Release|x64.ActiveCfg = Release|x64
		{CE6A6CD1-E8C4-49E3-9AC7-6AE57ABFDC98}.Release|x64.Build.0 = Release|x64
		{CE6A6CD1-E8C4-49E3-9AC7-6AE57ABFDC98}.Release|x86.ActiveCfg = Release|Win32
		{CE6A6CD1-E8C4-49E3-9AC7-6AE57ABFDC98}.Release|x86.Build.0 = Release|Win32
		{2CF66D00-E621-40FD-8394-68BF48B877E5}.Debug|Any CPU.ActiveCfg = Debug|Any CPU
		{2CF66D00-E621-40FD-8394-68BF48B877E5}.Debug|Any CPU.Build.0 = Debug|Any CPU
		{2CF66D00-E621-40FD-8394-68BF48B877E5}.Debug|x64.ActiveCfg = Debug|Any CPU
		{2CF66D00-E621-40FD-8394-68BF48B877E5}.Debug|x64.Build.0 = Debug|Any CPU
		{2CF66D00-E621-40FD-8394-68BF48B877E5}.Debug|x86.ActiveCfg = Debug|Any CPU
		{2CF66D00-E621-40FD-8394-68BF48B877E5}.Debug|x86.Build.0 = Debug|Any CPU
		{2CF66D00-E621-40FD-8394-68BF48B877E5}.Release|Any CPU.ActiveCfg = Release|Any CPU
		{2CF66D00-E621-40FD-8394-68BF48B877E5}.Release|Any CPU.Build.0 = Release|Any CPU
		{2CF66D00-E621-40FD-8394-68BF48B877E5}.Release|x64.ActiveCfg = Release|Any CPU
		{2CF66D00-E621-40FD-8394-68BF48B877E5}.Release|x64.Build.0 = Release|Any CPU
		{2CF66D00-E621-40FD-8394-68BF48B877E5}.Release|x86.ActiveCfg = Release|Any CPU
		{2CF66D00-E621-40FD-8394-68BF48B877E5}.Release|x86.Build.0 = Release|Any CPU
	EndGlobalSection
	GlobalSection(SolutionProperties) = preSolution
		HideSolutionNode = FALSE
	EndGlobalSection
	GlobalSection(ExtensibilityGlobals) = postSolution
		SolutionGuid = {00059D9E-EAA2-482A-B0AC-B918F5E68B01}
	EndGlobalSection
EndGlobal
